
Microsoft Visual Studio Solution File, Format Version 12.00
# Visual Studio Version 16
VisualStudioVersion = 16.0.32407.337
MinimumVisualStudioVersion = 10.0.40219.1
Project("{8BC9CEB8-8B4A-11D0-8D11-00A0C91BC942}") = "Listing 1.1 Example of C Source Code", "Listing 1.1 Example of C Source Code\Listing 1.1 Example of C Source Code.vcxproj", "{5801D5C5-829D-4DEA-9284-B3DB9138882A}"
EndProject
Project("{8BC9CEB8-8B4A-11D0-8D11-00A0C91BC942}") = "Listing 1.2 The concrete.c Program", "Listing 1.2 The concrete.c Program\Listing 1.2 The concrete.c Program.vcxproj", "{A8934F98-A0DE-4D1E-BB1F-F7DD3F726F49}"
EndProject
Project("{8BC9CEB8-8B4A-11D0-8D11-00A0C91BC942}") = "Listing 2.1 The first.c Program", "Listing 2.1 The first.c Program\Listing 2.1 The first.c Program.vcxproj", "{C6D0B543-C07C-4AAF-80C0-FC53D0D5559E}"
EndProject
Project("{8BC9CEB8-8B4A-11D0-8D11-00A0C91BC942}") = "Listing 2.2 The fathm_ft.c Program", "Listing 2.2 The fathm_ft.c Program\Listing 2.2 The fathm_ft.c Program.vcxproj", "{2E17B031-0A4A-487A-A244-CE7C7C9AB829}"
EndProject
Project("{8BC9CEB8-8B4A-11D0-8D11-00A0C91BC942}") = "Listing 2.3 The two_func.c Program", "Listing 2.3 The two_func.c Program\Listing 2.3 The two_func.c Program.vcxproj", "{6D8D3115-279C-408A-8720-2AB76BF5C8FE}"
EndProject
Project("{8BC9CEB8-8B4A-11D0-8D11-00A0C91BC942}") = "Listing 2.4 The nogood.c Program", "Listing 2.4 The nogood.c Program\Listing 2.4 The nogood.c Program.vcxproj", "{951181BB-A318-48BB-9272-64393B64F8DB}"
EndProject
Project("{8BC9CEB8-8B4A-11D0-8D11-00A0C91BC942}") = "Listing 3.1 The platinum.c Program", "Listing 3.1 The platinum.c Program\Listing 3.1 The platinum.c Program.vcxproj", "{926BB489-1DA7-42FB-9DFB-89CFD164A255}"
EndProject
Project("{8BC9CEB8-8B4A-11D0-8D11-00A0C91BC942}") = "Listing 3.2 The print1.c Program", "Listing 3.2 The print1.c Program\Listing 3.2 The print1.c Program.vcxproj", "{51D6A926-C4CD-4E23-8BBC-3E320C239C83}"
EndProject
Project("{8BC9CEB8-8B4A-11D0-8D11-00A0C91BC942}") = "Listing 3.3 The bases.c Program", "Listing 3.3 The bases.c Program\Listing 3.3 The bases.c Program.vcxproj", "{0F644F5E-24EB-42C9-A580-72D224C5931D}"
EndProject
Project("{8BC9CEB8-8B4A-11D0-8D11-00A0C91BC942}") = "Listing 3.4 The print2.c Program", "Listing 3.4 The print2.c Program\Listing 3.4 The print2.c Program.vcxproj", "{888161CD-72C9-468B-82A9-D381694ADFDB}"
EndProject
Global
	GlobalSection(SolutionConfigurationPlatforms) = preSolution
		Debug|x64 = Debug|x64
		Debug|x86 = Debug|x86
		Release|x64 = Release|x64
		Release|x86 = Release|x86
	EndGlobalSection
	GlobalSection(ProjectConfigurationPlatforms) = postSolution
		{5801D5C5-829D-4DEA-9284-B3DB9138882A}.Debug|x64.ActiveCfg = Debug|x64
		{5801D5C5-829D-4DEA-9284-B3DB9138882A}.Debug|x64.Build.0 = Debug|x64
		{5801D5C5-829D-4DEA-9284-B3DB9138882A}.Debug|x86.ActiveCfg = Debug|Win32
		{5801D5C5-829D-4DEA-9284-B3DB9138882A}.Debug|x86.Build.0 = Debug|Win32
		{5801D5C5-829D-4DEA-9284-B3DB9138882A}.Release|x64.ActiveCfg = Release|x64
		{5801D5C5-829D-4DEA-9284-B3DB9138882A}.Release|x64.Build.0 = Release|x64
		{5801D5C5-829D-4DEA-9284-B3DB9138882A}.Release|x86.ActiveCfg = Release|Win32
		{5801D5C5-829D-4DEA-9284-B3DB9138882A}.Release|x86.Build.0 = Release|Win32
		{A8934F98-A0DE-4D1E-BB1F-F7DD3F726F49}.Debug|x64.ActiveCfg = Debug|x64
		{A8934F98-A0DE-4D1E-BB1F-F7DD3F726F49}.Debug|x64.Build.0 = Debug|x64
		{A8934F98-A0DE-4D1E-BB1F-F7DD3F726F49}.Debug|x86.ActiveCfg = Debug|Win32
		{A8934F98-A0DE-4D1E-BB1F-F7DD3F726F49}.Debug|x86.Build.0 = Debug|Win32
		{A8934F98-A0DE-4D1E-BB1F-F7DD3F726F49}.Release|x64.ActiveCfg = Release|x64
		{A8934F98-A0DE-4D1E-BB1F-F7DD3F726F49}.Release|x64.Build.0 = Release|x64
		{A8934F98-A0DE-4D1E-BB1F-F7DD3F726F49}.Release|x86.ActiveCfg = Release|Win32
		{A8934F98-A0DE-4D1E-BB1F-F7DD3F726F49}.Release|x86.Build.0 = Release|Win32
		{C6D0B543-C07C-4AAF-80C0-FC53D0D5559E}.Debug|x64.ActiveCfg = Debug|x64
		{C6D0B543-C07C-4AAF-80C0-FC53D0D5559E}.Debug|x64.Build.0 = Debug|x64
		{C6D0B543-C07C-4AAF-80C0-FC53D0D5559E}.Debug|x86.ActiveCfg = Debug|Win32
		{C6D0B543-C07C-4AAF-80C0-FC53D0D5559E}.Debug|x86.Build.0 = Debug|Win32
		{C6D0B543-C07C-4AAF-80C0-FC53D0D5559E}.Release|x64.ActiveCfg = Release|x64
		{C6D0B543-C07C-4AAF-80C0-FC53D0D5559E}.Release|x64.Build.0 = Release|x64
		{C6D0B543-C07C-4AAF-80C0-FC53D0D5559E}.Release|x86.ActiveCfg = Release|Win32
		{C6D0B543-C07C-4AAF-80C0-FC53D0D5559E}.Release|x86.Build.0 = Release|Win32
		{2E17B031-0A4A-487A-A244-CE7C7C9AB829}.Debug|x64.ActiveCfg = Debug|x64
		{2E17B031-0A4A-487A-A244-CE7C7C9AB829}.Debug|x64.Build.0 = Debug|x64
		{2E17B031-0A4A-487A-A244-CE7C7C9AB829}.Debug|x86.ActiveCfg = Debug|Win32
		{2E17B031-0A4A-487A-A244-CE7C7C9AB829}.Debug|x86.Build.0 = Debug|Win32
		{2E17B031-0A4A-487A-A244-CE7C7C9AB829}.Release|x64.ActiveCfg = Release|x64
		{2E17B031-0A4A-487A-A244-CE7C7C9AB829}.Release|x64.Build.0 = Release|x64
		{2E17B031-0A4A-487A-A244-CE7C7C9AB829}.Release|x86.ActiveCfg = Release|Win32
		{2E17B031-0A4A-487A-A244-CE7C7C9AB829}.Release|x86.Build.0 = Release|Win32
		{6D8D3115-279C-408A-8720-2AB76BF5C8FE}.Debug|x64.ActiveCfg = Debug|x64
		{6D8D3115-279C-408A-8720-2AB76BF5C8FE}.Debug|x64.Build.0 = Debug|x64
		{6D8D3115-279C-408A-8720-2AB76BF5C8FE}.Debug|x86.ActiveCfg = Debug|Win32
		{6D8D3115-279C-408A-8720-2AB76BF5C8FE}.Debug|x86.Build.0 = Debug|Win32
		{6D8D3115-279C-408A-8720-2AB76BF5C8FE}.Release|x64.ActiveCfg = Release|x64
		{6D8D3115-279C-408A-8720-2AB76BF5C8FE}.Release|x64.Build.0 = Release|x64
		{6D8D3115-279C-408A-8720-2AB76BF5C8FE}.Release|x86.ActiveCfg = Release|Win32
		{6D8D3115-279C-408A-8720-2AB76BF5C8FE}.Release|x86.Build.0 = Release|Win32
		{951181BB-A318-48BB-9272-64393B64F8DB}.Debug|x64.ActiveCfg = Debug|x64
		{951181BB-A318-48BB-9272-64393B64F8DB}.Debug|x64.Build.0 = Debug|x64
		{951181BB-A318-48BB-9272-64393B64F8DB}.Debug|x86.ActiveCfg = Debug|Win32
		{951181BB-A318-48BB-9272-64393B64F8DB}.Debug|x86.Build.0 = Debug|Win32
		{951181BB-A318-48BB-9272-64393B64F8DB}.Release|x64.ActiveCfg = Release|x64
		{951181BB-A318-48BB-9272-64393B64F8DB}.Release|x64.Build.0 = Release|x64
		{951181BB-A318-48BB-9272-64393B64F8DB}.Release|x86.ActiveCfg = Release|Win32
		{951181BB-A318-48BB-9272-64393B64F8DB}.Release|x86.Build.0 = Release|Win32
		{926BB489-1DA7-42FB-9DFB-89CFD164A255}.Debug|x64.ActiveCfg = Debug|x64
		{926BB489-1DA7-42FB-9DFB-89CFD164A255}.Debug|x64.Build.0 = Debug|x64
		{926BB489-1DA7-42FB-9DFB-89CFD164A255}.Debug|x86.ActiveCfg = Debug|Win32
		{926BB489-1DA7-42FB-9DFB-89CFD164A255}.Debug|x86.Build.0 = Debug|Win32
		{926BB489-1DA7-42FB-9DFB-89CFD164A255}.Release|x64.ActiveCfg = Release|x64
		{926BB489-1DA7-42FB-9DFB-89CFD164A255}.Release|x64.Build.0 = Release|x64
		{926BB489-1DA7-42FB-9DFB-89CFD164A255}.Release|x86.ActiveCfg = Release|Win32
		{926BB489-1DA7-42FB-9DFB-89CFD164A255}.Release|x86.Build.0 = Release|Win32
		{51D6A926-C4CD-4E23-8BBC-3E320C239C83}.Debug|x64.ActiveCfg = Debug|x64
		{51D6A926-C4CD-4E23-8BBC-3E320C239C83}.Debug|x64.Build.0 = Debug|x64
		{51D6A926-C4CD-4E23-8BBC-3E320C239C83}.Debug|x86.ActiveCfg = Debug|Win32
		{51D6A926-C4CD-4E23-8BBC-3E320C239C83}.Debug|x86.Build.0 = Debug|Win32
		{51D6A926-C4CD-4E23-8BBC-3E320C239C83}.Release|x64.ActiveCfg = Release|x64
		{51D6A926-C4CD-4E23-8BBC-3E320C239C83}.Release|x64.Build.0 = Release|x64
		{51D6A926-C4CD-4E23-8BBC-3E320C239C83}.Release|x86.ActiveCfg = Release|Win32
		{51D6A926-C4CD-4E23-8BBC-3E320C239C83}.Release|x86.Build.0 = Release|Win32
		{0F644F5E-24EB-42C9-A580-72D224C5931D}.Debug|x64.ActiveCfg = Debug|x64
		{0F644F5E-24EB-42C9-A580-72D224C5931D}.Debug|x64.Build.0 = Debug|x64
		{0F644F5E-24EB-42C9-A580-72D224C5931D}.Debug|x86.ActiveCfg = Debug|Win32
		{0F644F5E-24EB-42C9-A580-72D224C5931D}.Debug|x86.Build.0 = Debug|Win32
		{0F644F5E-24EB-42C9-A580-72D224C5931D}.Release|x64.ActiveCfg = Release|x64
		{0F644F5E-24EB-42C9-A580-72D224C5931D}.Release|x64.Build.0 = Release|x64
		{0F644F5E-24EB-42C9-A580-72D224C5931D}.Release|x86.ActiveCfg = Release|Win32
		{0F644F5E-24EB-42C9-A580-72D224C5931D}.Release|x86.Build.0 = Release|Win32
		{888161CD-72C9-468B-82A9-D381694ADFDB}.Debug|x64.ActiveCfg = Debug|x64
		{888161CD-72C9-468B-82A9-D381694ADFDB}.Debug|x64.Build.0 = Debug|x64
		{888161CD-72C9-468B-82A9-D381694ADFDB}.Debug|x86.ActiveCfg = Debug|Win32
		{888161CD-72C9-468B-82A9-D381694ADFDB}.Debug|x86.Build.0 = Debug|Win32
		{888161CD-72C9-468B-82A9-D381694ADFDB}.Release|x64.ActiveCfg = Release|x64
		{888161CD-72C9-468B-82A9-D381694ADFDB}.Release|x64.Build.0 = Release|x64
		{888161CD-72C9-468B-82A9-D381694ADFDB}.Release|x86.ActiveCfg = Release|Win32
		{888161CD-72C9-468B-82A9-D381694ADFDB}.Release|x86.Build.0 = Release|Win32
	EndGlobalSection
	GlobalSection(SolutionProperties) = preSolution
		HideSolutionNode = FALSE
	EndGlobalSection
	GlobalSection(ExtensibilityGlobals) = postSolution
		SolutionGuid = {E1748310-8CCE-4534-8B7C-81F983D6080E}
	EndGlobalSection
EndGlobal
